
Microsoft Visual Studio Solution File, Format Version 12.00
# Visual Studio Version 16
VisualStudioVersion = 16.0.31729.503
MinimumVisualStudioVersion = 10.0.40219.1
Project("{FAE04EC0-301F-11D3-BF4B-00C04F79EFBC}") = "GeoAPI.webapi", "GeoAPI.webapi\GeoAPI.webapi.csproj", "{3B209378-8C38-40DF-87B6-3EE08C307DE4}"
EndProject
Project("{FAE04EC0-301F-11D3-BF4B-00C04F79EFBC}") = "GeoAPI.Entities", "GeoAPI.Entities\GeoAPI.Entities.csproj", "{07C23A4B-A006-4107-A7CA-9A5594C59A40}"
EndProject
Global
	GlobalSection(SolutionConfigurationPlatforms) = preSolution
		Debug|Any CPU = Debug|Any CPU
		Release|Any CPU = Release|Any CPU
	EndGlobalSection
	GlobalSection(ProjectConfigurationPlatforms) = postSolution
		{3B209378-8C38-40DF-87B6-3EE08C307DE4}.Debug|Any CPU.ActiveCfg = Debug|Any CPU
		{3B209378-8C38-40DF-87B6-3EE08C307DE4}.Debug|Any CPU.Build.0 = Debug|Any CPU
		{3B209378-8C38-40DF-87B6-3EE08C307DE4}.Release|Any CPU.ActiveCfg = Release|Any CPU
		{3B209378-8C38-40DF-87B6-3EE08C307DE4}.Release|Any CPU.Build.0 = Release|Any CPU
		{07C23A4B-A006-4107-A7CA-9A5594C59A40}.Debug|Any CPU.ActiveCfg = Debug|Any CPU
		{07C23A4B-A006-4107-A7CA-9A5594C59A40}.Debug|Any CPU.Build.0 = Debug|Any CPU
		{07C23A4B-A006-4107-A7CA-9A5594C59A40}.Release|Any CPU.ActiveCfg = Release|Any CPU
		{07C23A4B-A006-4107-A7CA-9A5594C59A40}.Release|Any CPU.Build.0 = Release|Any CPU
	EndGlobalSection
	GlobalSection(SolutionProperties) = preSolution
		HideSolutionNode = FALSE
	EndGlobalSection
	GlobalSection(ExtensibilityGlobals) = postSolution
		SolutionGuid = {F1A9F681-FBA4-458B-A1B3-F7A85ECBC8BA}
	EndGlobalSection
EndGlobal
